{
  "version": "3",
  "packages": {
    "specifiers": {
      "jsr:@denosaurs/plug": "jsr:@denosaurs/plug@1.0.6",
      "jsr:@denosaurs/plug@^1.0.5": "jsr:@denosaurs/plug@1.0.6",
      "jsr:@std/assert@^0.221.0": "jsr:@std/assert@0.221.0",
      "jsr:@std/collections@^1.0.4": "jsr:@std/collections@1.0.4",
      "jsr:@std/encoding@^0.221.0": "jsr:@std/encoding@0.221.0",
      "jsr:@std/fmt@^0.221.0": "jsr:@std/fmt@0.221.0",
      "jsr:@std/fs": "jsr:@std/fs@0.221.0",
      "jsr:@std/fs@^0.221.0": "jsr:@std/fs@0.221.0",
      "jsr:@std/fs@^1.0.3": "jsr:@std/fs@1.0.3",
      "jsr:@std/path": "jsr:@std/path@0.221.0",
      "jsr:@std/path@^0.221.0": "jsr:@std/path@0.221.0",
      "jsr:@std/path@^1.0.4": "jsr:@std/path@1.0.6",
      "jsr:@std/path@^1.0.6": "jsr:@std/path@1.0.6",
      "jsr:@std/semver": "jsr:@std/semver@1.0.3",
      "jsr:@std/toml": "jsr:@std/toml@1.0.0",
      "jsr:@std/ulid": "jsr:@std/ulid@0.224.1",
      "jsr:@std/ulid@^1.0.0": "jsr:@std/ulid@1.0.0",
      "jsr:@valibot/valibot": "jsr:@valibot/valibot@0.42.0",
      "jsr:@webview/webview": "jsr:@webview/webview@0.8.0",
      "npm:@types/json-schema": "npm:@types/json-schema@7.0.15",
      "npm:@types/node": "npm:@types/node@18.16.19",
      "npm:effection": "npm:effection@3.0.3",
      "npm:json-schema-to-zod": "npm:json-schema-to-zod@2.4.1",
      "npm:ts-pattern": "npm:ts-pattern@5.0.6",
      "npm:type-fest": "npm:type-fest@4.25.0",
      "npm:type-fest@^4.26.1": "npm:type-fest@4.26.1",
      "npm:zod": "npm:zod@3.23.8",
      "npm:zod@^3.23.8": "npm:zod@3.23.8"
    },
    "jsr": {
      "@denosaurs/plug@1.0.6": {
        "integrity": "6cf5b9daba7799837b9ffbe89f3450510f588fafef8115ddab1ff0be9cb7c1a7",
        "dependencies": [
          "jsr:@std/encoding@^0.221.0",
          "jsr:@std/fmt@^0.221.0",
          "jsr:@std/fs@^0.221.0",
          "jsr:@std/path@^0.221.0"
        ]
      },
      "@std/assert@0.221.0": {
        "integrity": "a5f1aa6e7909dbea271754fd4ab3f4e687aeff4873b4cef9a320af813adb489a"
      },
      "@std/collections@1.0.4": {
        "integrity": "bcc90800e489dc6bacdf68eb5dc746d6d8a033cb4f3311f0f9cf8094de429ce7"
      },
      "@std/encoding@0.221.0": {
        "integrity": "d1dd76ef0dc5d14088411e6dc1dede53bf8308c95d1537df1214c97137208e45"
      },
      "@std/fmt@0.221.0": {
        "integrity": "379fed69bdd9731110f26b9085aeb740606b20428ce6af31ef6bd45ef8efa62a"
      },
      "@std/fs@0.221.0": {
        "integrity": "028044450299de8ed5a716ade4e6d524399f035513b85913794f4e81f07da286",
        "dependencies": [
          "jsr:@std/assert@^0.221.0",
          "jsr:@std/path@^0.221.0"
        ]
      },
      "@std/fs@1.0.3": {
        "integrity": "3cb839b1360b0a42d8b367c3093bfe4071798e6694fa44cf1963e04a8edba4fe",
        "dependencies": [
          "jsr:@std/path@^1.0.4"
        ]
      },
      "@std/path@0.221.0": {
        "integrity": "0a36f6b17314ef653a3a1649740cc8db51b25a133ecfe838f20b79a56ebe0095",
        "dependencies": [
          "jsr:@std/assert@^0.221.0"
        ]
      },
      "@std/path@1.0.6": {
        "integrity": "ab2c55f902b380cf28e0eec501b4906e4c1960d13f00e11cfbcd21de15f18fed"
      },
      "@std/semver@1.0.3": {
        "integrity": "7c139c6076a080eeaa4252c78b95ca5302818d7eafab0470d34cafd9930c13c8"
      },
      "@std/toml@1.0.0": {
        "integrity": "c9e37564eedd84084871c66238e00196ec67aa958e09a7f761b3f36273a7a8a5",
        "dependencies": [
          "jsr:@std/collections@^1.0.4"
        ]
      },
      "@std/ulid@0.224.1": {
        "integrity": "4de06fdb030ff3990b1b0344e330373c11ce6051ac449fc435667a485a6723fa"
      },
      "@std/ulid@1.0.0": {
        "integrity": "d41c3d27a907714413649fee864b7cde8d42ee68437d22b79d5de4f81d808780"
      },
      "@valibot/valibot@0.42.0": {
        "integrity": "d3f2e45cc088b24cd2f3bc438464ded7e8287f967b210b3e97b13ae356251994"
      },
      "@webview/webview@0.8.0": {
        "integrity": "5fc571eac35026e8b5efd2bb6f483c2b4e3925e2244e9a9a66b0bc90bdef4983",
        "dependencies": [
          "jsr:@denosaurs/plug@^1.0.5"
        ]
      }
    },
    "npm": {
      "@types/json-schema@7.0.15": {
        "integrity": "sha512-5+fP8P8MFNC+AyZCDxrB2pkZFPGzqQWUzpSeuuVLvm8VMcorNYavBqoFcxK8bQz4Qsbn4oUEEem4wDLfcysGHA==",
        "dependencies": {}
      },
      "@types/node@18.16.19": {
        "integrity": "sha512-IXl7o+R9iti9eBW4Wg2hx1xQDig183jj7YLn8F7udNceyfkbn1ZxmzZXuak20gR40D7pIkIY1kYGx5VIGbaHKA==",
        "dependencies": {}
      },
      "effection@3.0.3": {
        "integrity": "sha512-9ASCaJ44flDoEKUUJtn9drfIomn2z30sZUw7//crbq+eltMu09AyILcouXwpMkcHR8TsD5hDvTTsOLHswWRxXQ==",
        "dependencies": {}
      },
      "json-schema-to-zod@2.4.1": {
        "integrity": "sha512-aMoez9TxgnfLAIZaWTPaQ+j7rOt1K9Ew/TBI85XcnhcFlo/47b1MDgpi4r07XndLSZWOX/KsJiRJvhdzSvo2Dw==",
        "dependencies": {}
      },
      "ts-pattern@5.0.6": {
        "integrity": "sha512-Y+jOjihlFriWzcBjncPCf2/am+Hgz7LtsWs77pWg5vQQKLQj07oNrJryo/wK2G0ndNaoVn2ownFMeoeAuReu3Q==",
        "dependencies": {}
      },
      "type-fest@4.25.0": {
        "integrity": "sha512-bRkIGlXsnGBRBQRAY56UXBm//9qH4bmJfFvq83gSz41N282df+fjy8ofcEgc1sM8geNt5cl6mC2g9Fht1cs8Aw==",
        "dependencies": {}
      },
      "type-fest@4.26.1": {
        "integrity": "sha512-yOGpmOAL7CkKe/91I5O3gPICmJNLJ1G4zFYVAsRHg7M64biSnPtRj0WNQt++bRkjYOqjWXrhnUw1utzmVErAdg==",
        "dependencies": {}
      },
      "zod@3.23.8": {
        "integrity": "sha512-XBx9AXhXktjUqnepgTiE5flcKIYWi/rme0Eaj+5Y0lftuGBq+jyRu/md4WnuxqgP1ubdpNCsYEYPxrzVHD8d6g==",
        "dependencies": {}
      }
    }
  },
  "redirects": {
    "https://deno.land/std/io/mod.ts": "https://deno.land/std@0.224.0/io/mod.ts"
  },
  "remote": {
    "https://deno.land/std@0.190.0/_util/asserts.ts": "178dfc49a464aee693a7e285567b3d0b555dc805ff490505a8aae34f9cfb1462",
    "https://deno.land/std@0.190.0/_util/os.ts": "d932f56d41e4f6a6093d56044e29ce637f8dcc43c5a90af43504a889cf1775e3",
    "https://deno.land/std@0.190.0/fs/_util.ts": "579038bebc3bd35c43a6a7766f7d91fbacdf44bc03468e9d3134297bb99ed4f9",
    "https://deno.land/std@0.190.0/fs/walk.ts": "920be35a7376db6c0b5b1caf1486fb962925e38c9825f90367f8f26b5e5d0897",
    "https://deno.land/std@0.190.0/path/_constants.ts": "e49961f6f4f48039c0dfed3c3f93e963ca3d92791c9d478ac5b43183413136e0",
    "https://deno.land/std@0.190.0/path/_interface.ts": "6471159dfbbc357e03882c2266d21ef9afdb1e4aa771b0545e90db58a0ba314b",
    "https://deno.land/std@0.190.0/path/_util.ts": "d7abb1e0dea065f427b89156e28cdeb32b045870acdf865833ba808a73b576d0",
    "https://deno.land/std@0.190.0/path/common.ts": "ee7505ab01fd22de3963b64e46cff31f40de34f9f8de1fff6a1bd2fe79380000",
    "https://deno.land/std@0.190.0/path/glob.ts": "d479e0a695621c94d3fd7fe7abd4f9499caf32a8de13f25073451c6ef420a4e1",
    "https://deno.land/std@0.190.0/path/mod.ts": "ee161baec5ded6510ee1d1fb6a75a0f5e4b41f3f3301c92c716ecbdf7dae910d",
    "https://deno.land/std@0.190.0/path/posix.ts": "8b7c67ac338714b30c816079303d0285dd24af6b284f7ad63da5b27372a2c94d",
    "https://deno.land/std@0.190.0/path/separator.ts": "0fb679739d0d1d7bf45b68dacfb4ec7563597a902edbaf3c59b50d5bcadd93b1",
    "https://deno.land/std@0.190.0/path/win32.ts": "d186344e5583bcbf8b18af416d13d82b35a317116e6460a5a3953508c3de5bba",
    "https://deno.land/std@0.224.0/assert/assert.ts": "09d30564c09de846855b7b071e62b5974b001bb72a4b797958fe0660e7849834",
    "https://deno.land/std@0.224.0/assert/assertion_error.ts": "ba8752bd27ebc51f723702fac2f54d3e94447598f54264a6653d6413738a8917",
    "https://deno.land/std@0.224.0/bytes/concat.ts": "86161274b5546a02bdb3154652418efe7af8c9310e8d54107a68aaa148e0f5ed",
    "https://deno.land/std@0.224.0/bytes/copy.ts": "08d85062240a7223e6ec4e2af193ad1a50c59a43f0d86ac3a7b16f3e0d77c028",
    "https://deno.land/std@0.224.0/io/_common.ts": "36705cdb4dfcd338d6131bca1b16e48a4d5bf0d1dada6ce397268e88c17a5835",
    "https://deno.land/std@0.224.0/io/_constants.ts": "3c7ad4695832e6e4a32e35f218c70376b62bc78621ef069a4a0a3d55739f8856",
    "https://deno.land/std@0.224.0/io/buf_reader.ts": "aa6d589e567c964c8ba1f582648f3feac45e88ab2e3d2cc2c9f84fd73c05d051",
    "https://deno.land/std@0.224.0/io/buf_writer.ts": "3fab3fbeae7a6ed1672207b640b6781a2369890878f8a7bb35f95d364dd6dae6",
    "https://deno.land/std@0.224.0/io/buffer.ts": "4d1f805f350433e418002accec798bc6c33ce18f614afa65f987c202d7b2234e",
    "https://deno.land/std@0.224.0/io/copy.ts": "63c6a4acf71fb1e89f5e47a7b3b2972f9d2c56dd645560975ead72db7eb23f61",
    "https://deno.land/std@0.224.0/io/copy_n.ts": "1bad1525b1f78737cb4c11084e2f7cf22359210fea89e2f0e784bd9a4b221fca",
    "https://deno.land/std@0.224.0/io/iterate_reader.ts": "1e5e4fea22d8965afb7df4ee9ab9adda0a0fc581adbea31bc2f2d25453f8a6e9",
    "https://deno.land/std@0.224.0/io/limited_reader.ts": "bbe3f7dafe9dd076d0c92d88b1b94e91ecad4825997064f44c2a767737ad2526",
    "https://deno.land/std@0.224.0/io/mod.ts": "f0a3f9d419394cec27099ba15ab0c8100da1e70928f95ebe646caaf667c6870c",
    "https://deno.land/std@0.224.0/io/multi_reader.ts": "dd8f06d50adec0e1befb92a1d354fcf28733a4b1669b23bf534ace161ce61b1c",
    "https://deno.land/std@0.224.0/io/read_all.ts": "876c1cb20adea15349c72afc86cecd3573335845ae778967aefb5e55fe5a8a4a",
    "https://deno.land/std@0.224.0/io/read_delim.ts": "d26cfed53b0c2c127ec3453ccd65f474ecc36a331209e246448885434afffc4e",
    "https://deno.land/std@0.224.0/io/read_int.ts": "2412f106103a271f5d770b2a61c97b13eebcd18de414a0a092ed82dfcb875903",
    "https://deno.land/std@0.224.0/io/read_lines.ts": "17b96f87dbebc5edb976b3d83dc7713bddb994e9c8cb688012d6c6c26803fb9e",
    "https://deno.land/std@0.224.0/io/read_long.ts": "d7cd367ab5c1263014c32a76afa0f0584c3bf3a3d860963c7368a6825094df46",
    "https://deno.land/std@0.224.0/io/read_range.ts": "2ddfedbfff44e4ea8d60c0463cddb2b1860293d932d6a72a0fb78bdf412538fc",
    "https://deno.land/std@0.224.0/io/read_short.ts": "f6dff570e685ade917dcb5188e8ecf0b701d6581b0cd186f08e6efe7f5ce33f7",
    "https://deno.land/std@0.224.0/io/read_string_delim.ts": "f6beafa8969e6d9d6d7d679f846cd6595d8b6e99091a20a0aecbd50eb30a391e",
    "https://deno.land/std@0.224.0/io/reader_from_stream_reader.ts": "a75bbc93f39df8b0e372cc1fbdc416a7cbf2a39fc4c09ddb057f1241100191c5",
    "https://deno.land/std@0.224.0/io/slice_long_to_bytes.ts": "bc59a7aaac64845371dbd44debf3e864ae7b7e453127751d96e30adb29fb633b",
    "https://deno.land/std@0.224.0/io/string_reader.ts": "279e9ea72e0ed7af6a9cb6da84f4148af93df849d308c31f124ca21f16d09cf2",
    "https://deno.land/std@0.224.0/io/string_writer.ts": "923954c2038a622b84c294b94a3a322565fa0d67e8b4c62942b154fc1ad3bb9b",
    "https://deno.land/std@0.224.0/io/to_readable_stream.ts": "ed03a44a1ec1cc55a85a857acf6cac472035298f6f3b6207ea209f93b4aefb39",
    "https://deno.land/std@0.224.0/io/to_writable_stream.ts": "ef422e0425963c8a1e0481674e66c3023da50f0acbe5ef51ec9789efc3c1e2ed",
    "https://deno.land/std@0.224.0/io/types.ts": "acecb3074c730b5ff487ba4fe9ce51e67bd982aa07c95e5f5679b7b2f24ad129",
    "https://deno.land/std@0.224.0/io/write_all.ts": "24aac2312bb21096ae3ae0b102b22c26164d3249dff96dbac130958aa736f038"
  },
  "workspace": {
    "dependencies": [
      "jsr:@std/fs@^1.0.3",
      "jsr:@std/path@^1.0.6",
      "jsr:@std/ulid@^1.0.0",
      "npm:type-fest@^4.26.1",
      "npm:zod@^3.23.8"
    ]
  }
}
