{
  "version": "5",
  "specifiers": {
    "jsr:@bcheidemann/parse-params@0.5": "0.5.0",
    "jsr:@bcheidemann/tracing@~0.6.3": "0.6.3",
    "jsr:@gabriel/ts-pattern@^5.6.2": "5.6.2",
    "jsr:@std/assert@0.226": "0.226.0",
    "jsr:@std/assert@0.226.0": "0.226.0",
    "jsr:@std/fmt@~0.225.4": "0.225.6",
    "jsr:@std/fs@^1.0.3": "1.0.6",
    "jsr:@std/internal@1": "1.0.5",
    "jsr:@std/path@^1.0.6": "1.0.8",
    "jsr:@std/path@^1.0.8": "1.0.8",
    "npm:@types/node@*": "22.15.15",
    "npm:acorn@8.12.0": "8.12.0",
    "npm:type-fest@^4.26.1": "4.30.2",
    "npm:zod@^3.23.8": "3.23.8"
  },
  "jsr": {
    "@bcheidemann/parse-params@0.5.0": {
      "integrity": "a13a95163fad0cbd34890cb5d43df3466cc96e97e76674052592a90bbf56bbab",
      "dependencies": [
        "jsr:@std/assert@0.226.0",
        "npm:acorn"
      ]
    },
    "@bcheidemann/tracing@0.6.3": {
      "integrity": "d6f38e77ef142a88b9eaeff3a2df54a8a24b2226fff747119ddc40726a05abeb",
      "dependencies": [
        "jsr:@bcheidemann/parse-params",
        "jsr:@std/assert@0.226",
        "jsr:@std/fmt"
      ]
    },
    "@gabriel/ts-pattern@5.6.2": {
      "integrity": "49a1069523e2ba53d024d6b17a30029f8ffc80b24fec86d724d986a9774a7197"
    },
    "@std/assert@0.226.0": {
      "integrity": "0dfb5f7c7723c18cec118e080fec76ce15b4c31154b15ad2bd74822603ef75b3",
      "dependencies": [
        "jsr:@std/internal"
      ]
    },
    "@std/fmt@0.225.6": {
      "integrity": "aba6aea27f66813cecfd9484e074a9e9845782ab0685c030e453a8a70b37afc8"
    },
    "@std/fs@1.0.6": {
      "integrity": "42b56e1e41b75583a21d5a37f6a6a27de9f510bcd36c0c85791d685ca0b85fa2",
      "dependencies": [
        "jsr:@std/path@^1.0.8"
      ]
    },
    "@std/internal@1.0.5": {
      "integrity": "54a546004f769c1ac9e025abd15a76b6671ddc9687e2313b67376125650dc7ba"
    },
    "@std/path@1.0.8": {
      "integrity": "548fa456bb6a04d3c1a1e7477986b6cffbce95102d0bb447c67c4ee70e0364be"
    }
  },
  "npm": {
    "@types/node@22.15.15": {
      "integrity": "sha512-R5muMcZob3/Jjchn5LcO8jdKwSCbzqmPB6ruBxMcf9kbxtniZHP327s6C37iOfuw8mbKK3cAQa7sEl7afLrQ8A==",
      "dependencies": [
        "undici-types"
      ]
    },
    "acorn@8.12.0": {
      "integrity": "sha512-RTvkC4w+KNXrM39/lWCUaG0IbRkWdCv7W/IOW9oU6SawyxulvkQy5HQPVTKxEjczcUvapcrw3cFx/60VN/NRNw==",
      "bin": true
    },
    "type-fest@4.30.2": {
      "integrity": "sha512-UJShLPYi1aWqCdq9HycOL/gwsuqda1OISdBO3t8RlXQC4QvtuIz4b5FCfe2dQIWEpmlRExKmcTBfP1r9bhY7ig=="
    },
    "undici-types@6.21.0": {
      "integrity": "sha512-iwDZqg0QAGrg9Rav5H4n0M64c3mkR59cJ6wQp+7C4nI0gsmExaedaYLNO44eT4AtBBwjbTiGPMlt2Md0T9H9JQ=="
    },
    "zod@3.23.8": {
      "integrity": "sha512-XBx9AXhXktjUqnepgTiE5flcKIYWi/rme0Eaj+5Y0lftuGBq+jyRu/md4WnuxqgP1ubdpNCsYEYPxrzVHD8d6g=="
    }
  },
  "remote": {
    "https://deno.land/x/esbuild@v0.24.0/wasm.js": "5cd1dd0c40214d06bd86177b4ffebfbb219a22114f78c14c23606f7ad216c174"
  },
  "workspace": {
    "dependencies": [
      "jsr:@bcheidemann/tracing@~0.6.3",
      "jsr:@gabriel/ts-pattern@^5.6.2",
      "jsr:@std/fs@^1.0.3",
      "jsr:@std/path@^1.0.6",
      "npm:type-fest@^4.26.1",
      "npm:zod@^3.23.8"
    ]
  }
}
